
Microsoft Visual Studio Solution File, Format Version 12.00
# Visual Studio 15
VisualStudioVersion = 15.0.27428.2015
MinimumVisualStudioVersion = 10.0.40219.1
Project("{8BC9CEB8-8B4A-11D0-8D11-00A0C91BC942}") = "DX11Tutorial-TextureTriangle", "DX11Tutorial-TextureTriangle\DX11Tutorial-TextureTriangle.vcxproj", "{0F42D478-4E7A-4A61-8E36-050376B0A621}"
EndProject
Project("{8BC9CEB8-8B4A-11D0-8D11-00A0C91BC942}") = "DX11Tutorial-EmptyWindow", "DX11Tutorial-EmptyWindow\DX11Tutorial-EmptyWindow.vcxproj", "{0DE0EF13-0033-463F-9563-2B51BA87D0DB}"
EndProject
Project("{8BC9CEB8-8B4A-11D0-8D11-00A0C91BC942}") = "DX11Tutorial-DXInitialize", "DX11Tutorial-DXInitialize\DX11Tutorial-DXInitialize.vcxproj", "{97669FB0-CCD8-4739-889E-EDA0CD5F43C9}"
EndProject
Project("{8BC9CEB8-8B4A-11D0-8D11-00A0C91BC942}") = "DX11Tutorial-SimpleTriangle", "DX11Tutorial-SimpleTriangle\DX11Tutorial-SimpleTriangle.vcxproj", "{7C83454A-9847-406C-AFEA-A49F90C3CD8C}"
EndProject
Project("{8BC9CEB8-8B4A-11D0-8D11-00A0C91BC942}") = "DX11Tutorial-3DRender", "DX11Tutorial-3DRender\DX11Tutorial-3DRender.vcxproj", "{1F38D5A1-62FA-47D8-9754-1EB0C9064539}"
EndProject
Project("{8BC9CEB8-8B4A-11D0-8D11-00A0C91BC942}") = "DX11Tutorial-DiffuseLighting", "DX11Tutorial-DiffuseLighting\DX11Tutorial-DiffuseLighting.vcxproj", "{B912FCF2-B38E-4C37-9A04-DC42FAB0F8E9}"
EndProject
Project("{8BC9CEB8-8B4A-11D0-8D11-00A0C91BC942}") = "DX11Tutorial-UsingAssimp", "DX11Tutorial-UsingAssimp\DX11Tutorial-UsingAssimp.vcxproj", "{E838B137-D3B4-45E4-8A91-160C83E7D787}"
EndProject
Project("{8BC9CEB8-8B4A-11D0-8D11-00A0C91BC942}") = "DX11Tutorial-RenderMesh", "DX11Tutorial-RenderMesh\DX11Tutorial-RenderMesh.vcxproj", "{BCDD3FEC-711D-459C-BCF6-C23230F446A5}"
EndProject
Project("{2150E333-8FDC-42A3-9474-1A3956D46DE8}") = "Solution Items", "Solution Items", "{39E8C6AC-C571-48EF-8F94-8F3F0710ACE0}"
	ProjectSection(SolutionItems) = preProject
		.gitignore = .gitignore
	EndProjectSection
EndProject
Project("{8BC9CEB8-8B4A-11D0-8D11-00A0C91BC942}") = "DX11Tutorial-2DRender", "DX11Tutorial-2DRender\DX11Tutorial-2DRender.vcxproj", "{C835E84E-E830-431D-B9C6-F0F84C5F03CC}"
EndProject
Project("{8BC9CEB8-8B4A-11D0-8D11-00A0C91BC942}") = "DX11Tutorial-Font", "DX11Tutorial-Font\DX11Tutorial-Font.vcxproj", "{8CDE753B-2AE7-45D5-A513-34328AA219AF}"
EndProject
Project("{8BC9CEB8-8B4A-11D0-8D11-00A0C91BC942}") = "DX11Tutorial-DirectInput", "DX11Tutorial-DirectInput\DX11Tutorial-DirectInput.vcxproj", "{FDB5EE20-5779-4D1B-B2C8-4314F61283AC}"
EndProject
Project("{8BC9CEB8-8B4A-11D0-8D11-00A0C91BC942}") = "DX11Tutorial-FpsAndCpuUsage", "DX11Tutorial-FpsAndCpuUsage\DX11Tutorial-FpsAndCpuUsage.vcxproj", "{28FB4A25-1D0F-4CD4-AD08-D8EECCC810E6}"
EndProject
Project("{8BC9CEB8-8B4A-11D0-8D11-00A0C91BC942}") = "DX11Tutorial-DirectSound", "DX11Tutorial-DirectSound\DX11Tutorial-DirectSound.vcxproj", "{7FC47C2E-1823-4A7E-AD9E-D00A4994340C}"
EndProject
Project("{8BC9CEB8-8B4A-11D0-8D11-00A0C91BC942}") = "DX11Tutorial-FrustumCulling", "DX11Tutorial-FrustumCulling\DX11Tutorial-FrustumCulling.vcxproj", "{F8BA5B60-9978-4B41-9FB9-99A026500726}"
EndProject
Project("{8BC9CEB8-8B4A-11D0-8D11-00A0C91BC942}") = "DX11Tutorial-MultitexturingAndTextureArrays", "DX11Tutorial-MultitexturingAndTextureArrays\DX11Tutorial-MultitexturingAndTextureArrays.vcxproj", "{E4B0C165-20AF-4754-B043-B97E8D8FF355}"
EndProject
Project("{8BC9CEB8-8B4A-11D0-8D11-00A0C91BC942}") = "DX11Tutorial-TextureMaps", "DX11Tutorial-TextureMaps\DX11Tutorial-TextureMaps.vcxproj", "{419314E0-0CE4-4080-AC17-B115A9819D4B}"
EndProject
Project("{8BC9CEB8-8B4A-11D0-8D11-00A0C91BC942}") = "DX11Tutorial-BumpMapping", "DX11Tutorial-BumpMapping\DX11Tutorial-BumpMapping.vcxproj", "{809D8D23-F968-463D-BD47-A4C1C40E20CC}"
EndProject
Project("{8BC9CEB8-8B4A-11D0-8D11-00A0C91BC942}") = "DX11Tutorial-SpecularMapping", "DX11Tutorial-SpecularMapping\DX11Tutorial-SpecularMapping.vcxproj", "{382470AE-8FC0-4E9E-B0FD-DA67F449A65E}"
EndProject
Project("{8BC9CEB8-8B4A-11D0-8D11-00A0C91BC942}") = "DX11Tutorial-RenderToTexture", "DX11Tutorial-RenderToTexture\DX11Tutorial-RenderToTexture.vcxproj", "{2C5E761A-16A6-492B-A777-150A3558202F}"
EndProject
Global
	GlobalSection(SolutionConfigurationPlatforms) = preSolution
		Debug|x64 = Debug|x64
		Debug|x86 = Debug|x86
		Release|x64 = Release|x64
		Release|x86 = Release|x86
	EndGlobalSection
	GlobalSection(ProjectConfigurationPlatforms) = postSolution
		{0F42D478-4E7A-4A61-8E36-050376B0A621}.Debug|x64.ActiveCfg = Debug|x64
		{0F42D478-4E7A-4A61-8E36-050376B0A621}.Debug|x64.Build.0 = Debug|x64
		{0F42D478-4E7A-4A61-8E36-050376B0A621}.Debug|x86.ActiveCfg = Debug|Win32
		{0F42D478-4E7A-4A61-8E36-050376B0A621}.Debug|x86.Build.0 = Debug|Win32
		{0F42D478-4E7A-4A61-8E36-050376B0A621}.Release|x64.ActiveCfg = Release|x64
		{0F42D478-4E7A-4A61-8E36-050376B0A621}.Release|x64.Build.0 = Release|x64
		{0F42D478-4E7A-4A61-8E36-050376B0A621}.Release|x86.ActiveCfg = Release|Win32
		{0F42D478-4E7A-4A61-8E36-050376B0A621}.Release|x86.Build.0 = Release|Win32
		{0DE0EF13-0033-463F-9563-2B51BA87D0DB}.Debug|x64.ActiveCfg = Debug|x64
		{0DE0EF13-0033-463F-9563-2B51BA87D0DB}.Debug|x64.Build.0 = Debug|x64
		{0DE0EF13-0033-463F-9563-2B51BA87D0DB}.Debug|x86.ActiveCfg = Debug|Win32
		{0DE0EF13-0033-463F-9563-2B51BA87D0DB}.Debug|x86.Build.0 = Debug|Win32
		{0DE0EF13-0033-463F-9563-2B51BA87D0DB}.Release|x64.ActiveCfg = Release|x64
		{0DE0EF13-0033-463F-9563-2B51BA87D0DB}.Release|x64.Build.0 = Release|x64
		{0DE0EF13-0033-463F-9563-2B51BA87D0DB}.Release|x86.ActiveCfg = Release|Win32
		{0DE0EF13-0033-463F-9563-2B51BA87D0DB}.Release|x86.Build.0 = Release|Win32
		{97669FB0-CCD8-4739-889E-EDA0CD5F43C9}.Debug|x64.ActiveCfg = Debug|x64
		{97669FB0-CCD8-4739-889E-EDA0CD5F43C9}.Debug|x64.Build.0 = Debug|x64
		{97669FB0-CCD8-4739-889E-EDA0CD5F43C9}.Debug|x86.ActiveCfg = Debug|Win32
		{97669FB0-CCD8-4739-889E-EDA0CD5F43C9}.Debug|x86.Build.0 = Debug|Win32
		{97669FB0-CCD8-4739-889E-EDA0CD5F43C9}.Release|x64.ActiveCfg = Release|x64
		{97669FB0-CCD8-4739-889E-EDA0CD5F43C9}.Release|x64.Build.0 = Release|x64
		{97669FB0-CCD8-4739-889E-EDA0CD5F43C9}.Release|x86.ActiveCfg = Release|Win32
		{97669FB0-CCD8-4739-889E-EDA0CD5F43C9}.Release|x86.Build.0 = Release|Win32
		{7C83454A-9847-406C-AFEA-A49F90C3CD8C}.Debug|x64.ActiveCfg = Debug|x64
		{7C83454A-9847-406C-AFEA-A49F90C3CD8C}.Debug|x64.Build.0 = Debug|x64
		{7C83454A-9847-406C-AFEA-A49F90C3CD8C}.Debug|x86.ActiveCfg = Debug|Win32
		{7C83454A-9847-406C-AFEA-A49F90C3CD8C}.Debug|x86.Build.0 = Debug|Win32
		{7C83454A-9847-406C-AFEA-A49F90C3CD8C}.Release|x64.ActiveCfg = Release|x64
		{7C83454A-9847-406C-AFEA-A49F90C3CD8C}.Release|x64.Build.0 = Release|x64
		{7C83454A-9847-406C-AFEA-A49F90C3CD8C}.Release|x86.ActiveCfg = Release|Win32
		{7C83454A-9847-406C-AFEA-A49F90C3CD8C}.Release|x86.Build.0 = Release|Win32
		{1F38D5A1-62FA-47D8-9754-1EB0C9064539}.Debug|x64.ActiveCfg = Debug|x64
		{1F38D5A1-62FA-47D8-9754-1EB0C9064539}.Debug|x64.Build.0 = Debug|x64
		{1F38D5A1-62FA-47D8-9754-1EB0C9064539}.Debug|x86.ActiveCfg = Debug|Win32
		{1F38D5A1-62FA-47D8-9754-1EB0C9064539}.Debug|x86.Build.0 = Debug|Win32
		{1F38D5A1-62FA-47D8-9754-1EB0C9064539}.Release|x64.ActiveCfg = Release|x64
		{1F38D5A1-62FA-47D8-9754-1EB0C9064539}.Release|x64.Build.0 = Release|x64
		{1F38D5A1-62FA-47D8-9754-1EB0C9064539}.Release|x86.ActiveCfg = Release|Win32
		{1F38D5A1-62FA-47D8-9754-1EB0C9064539}.Release|x86.Build.0 = Release|Win32
		{B912FCF2-B38E-4C37-9A04-DC42FAB0F8E9}.Debug|x64.ActiveCfg = Debug|x64
		{B912FCF2-B38E-4C37-9A04-DC42FAB0F8E9}.Debug|x64.Build.0 = Debug|x64
		{B912FCF2-B38E-4C37-9A04-DC42FAB0F8E9}.Debug|x86.ActiveCfg = Debug|Win32
		{B912FCF2-B38E-4C37-9A04-DC42FAB0F8E9}.Debug|x86.Build.0 = Debug|Win32
		{B912FCF2-B38E-4C37-9A04-DC42FAB0F8E9}.Release|x64.ActiveCfg = Release|x64
		{B912FCF2-B38E-4C37-9A04-DC42FAB0F8E9}.Release|x64.Build.0 = Release|x64
		{B912FCF2-B38E-4C37-9A04-DC42FAB0F8E9}.Release|x86.ActiveCfg = Release|Win32
		{B912FCF2-B38E-4C37-9A04-DC42FAB0F8E9}.Release|x86.Build.0 = Release|Win32
		{E838B137-D3B4-45E4-8A91-160C83E7D787}.Debug|x64.ActiveCfg = Debug|x64
		{E838B137-D3B4-45E4-8A91-160C83E7D787}.Debug|x64.Build.0 = Debug|x64
		{E838B137-D3B4-45E4-8A91-160C83E7D787}.Debug|x86.ActiveCfg = Debug|Win32
		{E838B137-D3B4-45E4-8A91-160C83E7D787}.Debug|x86.Build.0 = Debug|Win32
		{E838B137-D3B4-45E4-8A91-160C83E7D787}.Release|x64.ActiveCfg = Release|x64
		{E838B137-D3B4-45E4-8A91-160C83E7D787}.Release|x64.Build.0 = Release|x64
		{E838B137-D3B4-45E4-8A91-160C83E7D787}.Release|x86.ActiveCfg = Release|Win32
		{E838B137-D3B4-45E4-8A91-160C83E7D787}.Release|x86.Build.0 = Release|Win32
		{BCDD3FEC-711D-459C-BCF6-C23230F446A5}.Debug|x64.ActiveCfg = Debug|x64
		{BCDD3FEC-711D-459C-BCF6-C23230F446A5}.Debug|x64.Build.0 = Debug|x64
		{BCDD3FEC-711D-459C-BCF6-C23230F446A5}.Debug|x86.ActiveCfg = Debug|Win32
		{BCDD3FEC-711D-459C-BCF6-C23230F446A5}.Debug|x86.Build.0 = Debug|Win32
		{BCDD3FEC-711D-459C-BCF6-C23230F446A5}.Release|x64.ActiveCfg = Release|x64
		{BCDD3FEC-711D-459C-BCF6-C23230F446A5}.Release|x64.Build.0 = Release|x64
		{BCDD3FEC-711D-459C-BCF6-C23230F446A5}.Release|x86.ActiveCfg = Release|Win32
		{BCDD3FEC-711D-459C-BCF6-C23230F446A5}.Release|x86.Build.0 = Release|Win32
		{C835E84E-E830-431D-B9C6-F0F84C5F03CC}.Debug|x64.ActiveCfg = Debug|x64
		{C835E84E-E830-431D-B9C6-F0F84C5F03CC}.Debug|x64.Build.0 = Debug|x64
		{C835E84E-E830-431D-B9C6-F0F84C5F03CC}.Debug|x86.ActiveCfg = Debug|Win32
		{C835E84E-E830-431D-B9C6-F0F84C5F03CC}.Debug|x86.Build.0 = Debug|Win32
		{C835E84E-E830-431D-B9C6-F0F84C5F03CC}.Release|x64.ActiveCfg = Release|x64
		{C835E84E-E830-431D-B9C6-F0F84C5F03CC}.Release|x64.Build.0 = Release|x64
		{C835E84E-E830-431D-B9C6-F0F84C5F03CC}.Release|x86.ActiveCfg = Release|Win32
		{C835E84E-E830-431D-B9C6-F0F84C5F03CC}.Release|x86.Build.0 = Release|Win32
		{8CDE753B-2AE7-45D5-A513-34328AA219AF}.Debug|x64.ActiveCfg = Debug|x64
		{8CDE753B-2AE7-45D5-A513-34328AA219AF}.Debug|x64.Build.0 = Debug|x64
		{8CDE753B-2AE7-45D5-A513-34328AA219AF}.Debug|x86.ActiveCfg = Debug|Win32
		{8CDE753B-2AE7-45D5-A513-34328AA219AF}.Debug|x86.Build.0 = Debug|Win32
		{8CDE753B-2AE7-45D5-A513-34328AA219AF}.Release|x64.ActiveCfg = Release|x64
		{8CDE753B-2AE7-45D5-A513-34328AA219AF}.Release|x64.Build.0 = Release|x64
		{8CDE753B-2AE7-45D5-A513-34328AA219AF}.Release|x86.ActiveCfg = Release|Win32
		{8CDE753B-2AE7-45D5-A513-34328AA219AF}.Release|x86.Build.0 = Release|Win32
		{FDB5EE20-5779-4D1B-B2C8-4314F61283AC}.Debug|x64.ActiveCfg = Debug|x64
		{FDB5EE20-5779-4D1B-B2C8-4314F61283AC}.Debug|x64.Build.0 = Debug|x64
		{FDB5EE20-5779-4D1B-B2C8-4314F61283AC}.Debug|x86.ActiveCfg = Debug|Win32
		{FDB5EE20-5779-4D1B-B2C8-4314F61283AC}.Debug|x86.Build.0 = Debug|Win32
		{FDB5EE20-5779-4D1B-B2C8-4314F61283AC}.Release|x64.ActiveCfg = Release|x64
		{FDB5EE20-5779-4D1B-B2C8-4314F61283AC}.Release|x64.Build.0 = Release|x64
		{FDB5EE20-5779-4D1B-B2C8-4314F61283AC}.Release|x86.ActiveCfg = Release|Win32
		{FDB5EE20-5779-4D1B-B2C8-4314F61283AC}.Release|x86.Build.0 = Release|Win32
		{28FB4A25-1D0F-4CD4-AD08-D8EECCC810E6}.Debug|x64.ActiveCfg = Debug|x64
		{28FB4A25-1D0F-4CD4-AD08-D8EECCC810E6}.Debug|x64.Build.0 = Debug|x64
		{28FB4A25-1D0F-4CD4-AD08-D8EECCC810E6}.Debug|x86.ActiveCfg = Debug|Win32
		{28FB4A25-1D0F-4CD4-AD08-D8EECCC810E6}.Debug|x86.Build.0 = Debug|Win32
		{28FB4A25-1D0F-4CD4-AD08-D8EECCC810E6}.Release|x64.ActiveCfg = Release|x64
		{28FB4A25-1D0F-4CD4-AD08-D8EECCC810E6}.Release|x64.Build.0 = Release|x64
		{28FB4A25-1D0F-4CD4-AD08-D8EECCC810E6}.Release|x86.ActiveCfg = Release|Win32
		{28FB4A25-1D0F-4CD4-AD08-D8EECCC810E6}.Release|x86.Build.0 = Release|Win32
		{7FC47C2E-1823-4A7E-AD9E-D00A4994340C}.Debug|x64.ActiveCfg = Debug|x64
		{7FC47C2E-1823-4A7E-AD9E-D00A4994340C}.Debug|x64.Build.0 = Debug|x64
		{7FC47C2E-1823-4A7E-AD9E-D00A4994340C}.Debug|x86.ActiveCfg = Debug|Win32
		{7FC47C2E-1823-4A7E-AD9E-D00A4994340C}.Debug|x86.Build.0 = Debug|Win32
		{7FC47C2E-1823-4A7E-AD9E-D00A4994340C}.Release|x64.ActiveCfg = Release|x64
		{7FC47C2E-1823-4A7E-AD9E-D00A4994340C}.Release|x64.Build.0 = Release|x64
		{7FC47C2E-1823-4A7E-AD9E-D00A4994340C}.Release|x86.ActiveCfg = Release|Win32
		{7FC47C2E-1823-4A7E-AD9E-D00A4994340C}.Release|x86.Build.0 = Release|Win32
		{F8BA5B60-9978-4B41-9FB9-99A026500726}.Debug|x64.ActiveCfg = Debug|x64
		{F8BA5B60-9978-4B41-9FB9-99A026500726}.Debug|x64.Build.0 = Debug|x64
		{F8BA5B60-9978-4B41-9FB9-99A026500726}.Debug|x86.ActiveCfg = Debug|Win32
		{F8BA5B60-9978-4B41-9FB9-99A026500726}.Debug|x86.Build.0 = Debug|Win32
		{F8BA5B60-9978-4B41-9FB9-99A026500726}.Release|x64.ActiveCfg = Release|x64
		{F8BA5B60-9978-4B41-9FB9-99A026500726}.Release|x64.Build.0 = Release|x64
		{F8BA5B60-9978-4B41-9FB9-99A026500726}.Release|x86.ActiveCfg = Release|Win32
		{F8BA5B60-9978-4B41-9FB9-99A026500726}.Release|x86.Build.0 = Release|Win32
		{E4B0C165-20AF-4754-B043-B97E8D8FF355}.Debug|x64.ActiveCfg = Debug|x64
		{E4B0C165-20AF-4754-B043-B97E8D8FF355}.Debug|x64.Build.0 = Debug|x64
		{E4B0C165-20AF-4754-B043-B97E8D8FF355}.Debug|x86.ActiveCfg = Debug|Win32
		{E4B0C165-20AF-4754-B043-B97E8D8FF355}.Debug|x86.Build.0 = Debug|Win32
		{E4B0C165-20AF-4754-B043-B97E8D8FF355}.Release|x64.ActiveCfg = Release|x64
		{E4B0C165-20AF-4754-B043-B97E8D8FF355}.Release|x64.Build.0 = Release|x64
		{E4B0C165-20AF-4754-B043-B97E8D8FF355}.Release|x86.ActiveCfg = Release|Win32
		{E4B0C165-20AF-4754-B043-B97E8D8FF355}.Release|x86.Build.0 = Release|Win32
		{419314E0-0CE4-4080-AC17-B115A9819D4B}.Debug|x64.ActiveCfg = Debug|x64
		{419314E0-0CE4-4080-AC17-B115A9819D4B}.Debug|x64.Build.0 = Debug|x64
		{419314E0-0CE4-4080-AC17-B115A9819D4B}.Debug|x86.ActiveCfg = Debug|Win32
		{419314E0-0CE4-4080-AC17-B115A9819D4B}.Debug|x86.Build.0 = Debug|Win32
		{419314E0-0CE4-4080-AC17-B115A9819D4B}.Release|x64.ActiveCfg = Release|x64
		{419314E0-0CE4-4080-AC17-B115A9819D4B}.Release|x64.Build.0 = Release|x64
		{419314E0-0CE4-4080-AC17-B115A9819D4B}.Release|x86.ActiveCfg = Release|Win32
		{419314E0-0CE4-4080-AC17-B115A9819D4B}.Release|x86.Build.0 = Release|Win32
		{809D8D23-F968-463D-BD47-A4C1C40E20CC}.Debug|x64.ActiveCfg = Debug|x64
		{809D8D23-F968-463D-BD47-A4C1C40E20CC}.Debug|x64.Build.0 = Debug|x64
		{809D8D23-F968-463D-BD47-A4C1C40E20CC}.Debug|x86.ActiveCfg = Debug|Win32
		{809D8D23-F968-463D-BD47-A4C1C40E20CC}.Debug|x86.Build.0 = Debug|Win32
		{809D8D23-F968-463D-BD47-A4C1C40E20CC}.Release|x64.ActiveCfg = Release|x64
		{809D8D23-F968-463D-BD47-A4C1C40E20CC}.Release|x64.Build.0 = Release|x64
		{809D8D23-F968-463D-BD47-A4C1C40E20CC}.Release|x86.ActiveCfg = Release|Win32
		{809D8D23-F968-463D-BD47-A4C1C40E20CC}.Release|x86.Build.0 = Release|Win32
		{382470AE-8FC0-4E9E-B0FD-DA67F449A65E}.Debug|x64.ActiveCfg = Debug|x64
		{382470AE-8FC0-4E9E-B0FD-DA67F449A65E}.Debug|x64.Build.0 = Debug|x64
		{382470AE-8FC0-4E9E-B0FD-DA67F449A65E}.Debug|x86.ActiveCfg = Debug|Win32
		{382470AE-8FC0-4E9E-B0FD-DA67F449A65E}.Debug|x86.Build.0 = Debug|Win32
		{382470AE-8FC0-4E9E-B0FD-DA67F449A65E}.Release|x64.ActiveCfg = Release|x64
		{382470AE-8FC0-4E9E-B0FD-DA67F449A65E}.Release|x64.Build.0 = Release|x64
		{382470AE-8FC0-4E9E-B0FD-DA67F449A65E}.Release|x86.ActiveCfg = Release|Win32
		{382470AE-8FC0-4E9E-B0FD-DA67F449A65E}.Release|x86.Build.0 = Release|Win32
		{2C5E761A-16A6-492B-A777-150A3558202F}.Debug|x64.ActiveCfg = Debug|x64
		{2C5E761A-16A6-492B-A777-150A3558202F}.Debug|x64.Build.0 = Debug|x64
		{2C5E761A-16A6-492B-A777-150A3558202F}.Debug|x86.ActiveCfg = Debug|Win32
		{2C5E761A-16A6-492B-A777-150A3558202F}.Debug|x86.Build.0 = Debug|Win32
		{2C5E761A-16A6-492B-A777-150A3558202F}.Release|x64.ActiveCfg = Release|x64
		{2C5E761A-16A6-492B-A777-150A3558202F}.Release|x64.Build.0 = Release|x64
		{2C5E761A-16A6-492B-A777-150A3558202F}.Release|x86.ActiveCfg = Release|Win32
		{2C5E761A-16A6-492B-A777-150A3558202F}.Release|x86.Build.0 = Release|Win32
	EndGlobalSection
	GlobalSection(SolutionProperties) = preSolution
		HideSolutionNode = FALSE
	EndGlobalSection
	GlobalSection(ExtensibilityGlobals) = postSolution
		SolutionGuid = {2F6B69B9-B6D6-41B7-AA9A-3A2737637418}
	EndGlobalSection
EndGlobal
