
Microsoft Visual Studio Solution File, Format Version 12.00
# Visual Studio 15
VisualStudioVersion = 15.0.27428.2015
MinimumVisualStudioVersion = 10.0.40219.1
Project("{8BC9CEB8-8B4A-11D0-8D11-00A0C91BC942}") = "DX11Tutorial-TextureTriangle", "DX11Tutorial-TextureTriangle\DX11Tutorial-TextureTriangle.vcxproj", "{0F42D478-4E7A-4A61-8E36-050376B0A621}"
EndProject
Project("{8BC9CEB8-8B4A-11D0-8D11-00A0C91BC942}") = "DX11Tutorial-EmptyWindow", "DX11Tutorial-EmptyWindow\DX11Tutorial-EmptyWindow.vcxproj", "{0DE0EF13-0033-463F-9563-2B51BA87D0DB}"
EndProject
Project("{8BC9CEB8-8B4A-11D0-8D11-00A0C91BC942}") = "DX11Tutorial-DXInitialize", "DX11Tutorial-DXInitialize\DX11Tutorial-DXInitialize.vcxproj", "{97669FB0-CCD8-4739-889E-EDA0CD5F43C9}"
EndProject
Project("{8BC9CEB8-8B4A-11D0-8D11-00A0C91BC942}") = "DX11Tutorial-SimpleTriangle", "DX11Tutorial-SimpleTriangle\DX11Tutorial-SimpleTriangle.vcxproj", "{7C83454A-9847-406C-AFEA-A49F90C3CD8C}"
EndProject
Project("{8BC9CEB8-8B4A-11D0-8D11-00A0C91BC942}") = "DX11Tutorial-3DRender", "DX11Tutorial-3DRender\DX11Tutorial-3DRender.vcxproj", "{1F38D5A1-62FA-47D8-9754-1EB0C9064539}"
EndProject
Project("{8BC9CEB8-8B4A-11D0-8D11-00A0C91BC942}") = "DX11Tutorial-DiffuseLighting", "DX11Tutorial-DiffuseLighting\DX11Tutorial-DiffuseLighting.vcxproj", "{B912FCF2-B38E-4C37-9A04-DC42FAB0F8E9}"
EndProject
Project("{8BC9CEB8-8B4A-11D0-8D11-00A0C91BC942}") = "DX11Tutorial-UsingAssimp", "DX11Tutorial-UsingAssimp\DX11Tutorial-UsingAssimp.vcxproj", "{E838B137-D3B4-45E4-8A91-160C83E7D787}"
EndProject
Project("{8BC9CEB8-8B4A-11D0-8D11-00A0C91BC942}") = "DX11Tutorial-RenderMesh", "DX11Tutorial-RenderMesh\DX11Tutorial-RenderMesh.vcxproj", "{BCDD3FEC-711D-459C-BCF6-C23230F446A5}"
EndProject
Project("{2150E333-8FDC-42A3-9474-1A3956D46DE8}") = "Solution Items", "Solution Items", "{39E8C6AC-C571-48EF-8F94-8F3F0710ACE0}"
	ProjectSection(SolutionItems) = preProject
		.gitignore = .gitignore
	EndProjectSection
EndProject
Project("{8BC9CEB8-8B4A-11D0-8D11-00A0C91BC942}") = "DX11Tutorial-2DRender", "DX11Tutorial-2DRender\DX11Tutorial-2DRender.vcxproj", "{C835E84E-E830-431D-B9C6-F0F84C5F03CC}"
EndProject
Project("{8BC9CEB8-8B4A-11D0-8D11-00A0C91BC942}") = "DX11Tutorial-Font", "DX11Tutorial-Font\DX11Tutorial-Font.vcxproj", "{8CDE753B-2AE7-45D5-A513-34328AA219AF}"
EndProject
Project("{8BC9CEB8-8B4A-11D0-8D11-00A0C91BC942}") = "DX11Tutorial-DirectInput", "DX11Tutorial-DirectInput\DX11Tutorial-DirectInput.vcxproj", "{FDB5EE20-5779-4D1B-B2C8-4314F61283AC}"
EndProject
Project("{8BC9CEB8-8B4A-11D0-8D11-00A0C91BC942}") = "DX11Tutorial-FpsAndCpuUsage", "DX11Tutorial-FpsAndCpuUsage\DX11Tutorial-FpsAndCpuUsage.vcxproj", "{28FB4A25-1D0F-4CD4-AD08-D8EECCC810E6}"
EndProject
Project("{8BC9CEB8-8B4A-11D0-8D11-00A0C91BC942}") = "DX11Tutorial-DirectSound", "DX11Tutorial-DirectSound\DX11Tutorial-DirectSound.vcxproj", "{7FC47C2E-1823-4A7E-AD9E-D00A4994340C}"
EndProject
Project("{8BC9CEB8-8B4A-11D0-8D11-00A0C91BC942}") = "DX11Tutorial-FrustumCulling", "DX11Tutorial-FrustumCulling\DX11Tutorial-FrustumCulling.vcxproj", "{F8BA5B60-9978-4B41-9FB9-99A026500726}"
EndProject
Project("{8BC9CEB8-8B4A-11D0-8D11-00A0C91BC942}") = "DX11Tutorial-MultitexturingAndTextureArrays", "DX11Tutorial-MultitexturingAndTextureArrays\DX11Tutorial-MultitexturingAndTextureArrays.vcxproj", "{E4B0C165-20AF-4754-B043-B97E8D8FF355}"
EndProject
Project("{8BC9CEB8-8B4A-11D0-8D11-00A0C91BC942}") = "DX11Tutorial-TextureMaps", "DX11Tutorial-TextureMaps\DX11Tutorial-TextureMaps.vcxproj", "{419314E0-0CE4-4080-AC17-B115A9819D4B}"
EndProject
Project("{8BC9CEB8-8B4A-11D0-8D11-00A0C91BC942}") = "DX11Tutorial-BumpMapping", "DX11Tutorial-BumpMapping\DX11Tutorial-BumpMapping.vcxproj", "{809D8D23-F968-463D-BD47-A4C1C40E20CC}"
EndProject
Project("{8BC9CEB8-8B4A-11D0-8D11-00A0C91BC942}") = "DX11Tutorial-SpecularMapping", "DX11Tutorial-SpecularMapping\DX11Tutorial-SpecularMapping.vcxproj", "{382470AE-8FC0-4E9E-B0FD-DA67F449A65E}"
EndProject
Project("{8BC9CEB8-8B4A-11D0-8D11-00A0C91BC942}") = "DX11Tutorial-RenderToTexture", "DX11Tutorial-RenderToTexture\DX11Tutorial-RenderToTexture.vcxproj", "{2C5E761A-16A6-492B-A777-150A3558202F}"
EndProject
Project("{8BC9CEB8-8B4A-11D0-8D11-00A0C91BC942}") = "DX11Tutorial-FogEffect", "DX11Tutorial-FogEffect\DX11Tutorial-FogEffect.vcxproj", "{A5B5CB80-DC47-4012-9308-E10C7FFE68B8}"
EndProject
Project("{8BC9CEB8-8B4A-11D0-8D11-00A0C91BC942}") = "DX11Tutorial-Transparency", "DX11Tutorial-Transparency\DX11Tutorial-Transparency.vcxproj", "{94080908-34D6-41D6-8902-06421DA7420B}"
EndProject
Project("{8BC9CEB8-8B4A-11D0-8D11-00A0C91BC942}") = "DX11Tutorial-Reflection", "DX11Tutorial-Reflection\DX11Tutorial-Reflection.vcxproj", "{02957084-DC15-415A-9451-B3445B556753}"
EndProject
Project("{8BC9CEB8-8B4A-11D0-8D11-00A0C91BC942}") = "DX11Tutorial-ScreenFades", "DX11Tutorial-ScreenFades\DX11Tutorial-ScreenFades.vcxproj", "{913B4A8B-99EF-4ACE-B751-53B90B460CA8}"
EndProject
Project("{8BC9CEB8-8B4A-11D0-8D11-00A0C91BC942}") = "DX11Tutorial-Water", "DX11Tutorial-Water\DX11Tutorial-Water.vcxproj", "{7935CB19-FF61-4C87-AEC8-6DEDE65E65EE}"
EndProject
Project("{8BC9CEB8-8B4A-11D0-8D11-00A0C91BC942}") = "DX11Tutorial-MultiplePointLights", "DX11Tutorial-MultiplePointLights\DX11Tutorial-MultiplePointLights.vcxproj", "{9F7C0190-E57A-4F04-945C-1D5F0C08965C}"
EndProject
Project("{8BC9CEB8-8B4A-11D0-8D11-00A0C91BC942}") = "DX11Tutorial-GlassAndIce", "DX11Tutorial-GlassAndIce\DX11Tutorial-GlassAndIce.vcxproj", "{7985BAE0-EE02-4BDC-A20D-601444525BF0}"
EndProject
Project("{8BC9CEB8-8B4A-11D0-8D11-00A0C91BC942}") = "DX11Tutorial-Fire", "DX11Tutorial-Fire\DX11Tutorial-Fire.vcxproj", "{CC1DA250-D00E-417E-8F75-BDCB62CF2B7D}"
EndProject
Project("{8BC9CEB8-8B4A-11D0-8D11-00A0C91BC942}") = "DX11Tutorial-BillBoarding", "DX11Tutorial-BillBoarding\DX11Tutorial-BillBoarding.vcxproj", "{7223334A-3D17-4AFD-9E19-8AF50F3DB7E3}"
EndProject
Project("{8BC9CEB8-8B4A-11D0-8D11-00A0C91BC942}") = "DX11Tutorial-Instancing", "DX11Tutorial-Instancing\DX11Tutorial-Instancing.vcxproj", "{37825235-A8CC-4C5B-9F0A-EF3196CC35AF}"
EndProject
Project("{8BC9CEB8-8B4A-11D0-8D11-00A0C91BC942}") = "DX11Tutorial-Tessellation", "DX11Tutorial-Tessellation\DX11Tutorial-Tessellation.vcxproj", "{77D56A76-5785-4163-BD02-40511BB03713}"
EndProject
Project("{8BC9CEB8-8B4A-11D0-8D11-00A0C91BC942}") = "DX11Tutorial-ParticleSystems", "DX11Tutorial-ParticleSystems\DX11Tutorial-ParticleSystems.vcxproj", "{70C0F173-E5CA-4F3D-A81E-50CE02018492}"
EndProject
Project("{8BC9CEB8-8B4A-11D0-8D11-00A0C91BC942}") = "DX11Tutorial-ProjectiveTexturing", "DX11Tutorial-ProjectiveTexturing\DX11Tutorial-ProjectiveTexturing.vcxproj", "{36AE4C4D-3935-42A1-AEC2-CF9C168D53A0}"
EndProject
Project("{8BC9CEB8-8B4A-11D0-8D11-00A0C91BC942}") = "DX11Tutorial-ProjectedLightMaps", "DX11Tutorial-ProjectedLightMaps\DX11Tutorial-ProjectedLightMaps.vcxproj", "{4A6F5141-C3FA-4A24-90E1-6398B5F929BD}"
EndProject
Project("{8BC9CEB8-8B4A-11D0-8D11-00A0C91BC942}") = "DX11Tutorial-ShadowMapping", "DX11Tutorial-ShadowMapping\DX11Tutorial-ShadowMapping.vcxproj", "{882829BE-BE4B-4577-8FF6-B98D11AA7B18}"
EndProject
Project("{8BC9CEB8-8B4A-11D0-8D11-00A0C91BC942}") = "DX11Tutorial-MultipleLightShadowMapping", "DX11Tutorial-MultipleLightShadowMapping\DX11Tutorial-MultipleLightShadowMapping.vcxproj", "{08CC52E8-923A-4D9F-9DB5-142BB5C02704}"
EndProject
Project("{8BC9CEB8-8B4A-11D0-8D11-00A0C91BC942}") = "DX11Tutorial-Picking", "DX11Tutorial-Picking\DX11Tutorial-Picking.vcxproj", "{9B701923-66F7-4FC7-8D75-9D70714327BD}"
EndProject
Project("{8BC9CEB8-8B4A-11D0-8D11-00A0C91BC942}") = "DX11Tutorial-DirectionalShadowMaps", "DX11Tutorial-DirectionalShadowMaps\DX11Tutorial-DirectionalShadowMaps.vcxproj", "{E87C2B4B-90BD-4D48-B8C4-ADB0C222892C}"
EndProject
Global
	GlobalSection(SolutionConfigurationPlatforms) = preSolution
		Debug|x64 = Debug|x64
		Debug|x86 = Debug|x86
		Release|x64 = Release|x64
		Release|x86 = Release|x86
	EndGlobalSection
	GlobalSection(ProjectConfigurationPlatforms) = postSolution
		{0F42D478-4E7A-4A61-8E36-050376B0A621}.Debug|x64.ActiveCfg = Debug|x64
		{0F42D478-4E7A-4A61-8E36-050376B0A621}.Debug|x64.Build.0 = Debug|x64
		{0F42D478-4E7A-4A61-8E36-050376B0A621}.Debug|x86.ActiveCfg = Debug|Win32
		{0F42D478-4E7A-4A61-8E36-050376B0A621}.Debug|x86.Build.0 = Debug|Win32
		{0F42D478-4E7A-4A61-8E36-050376B0A621}.Release|x64.ActiveCfg = Release|x64
		{0F42D478-4E7A-4A61-8E36-050376B0A621}.Release|x64.Build.0 = Release|x64
		{0F42D478-4E7A-4A61-8E36-050376B0A621}.Release|x86.ActiveCfg = Release|Win32
		{0F42D478-4E7A-4A61-8E36-050376B0A621}.Release|x86.Build.0 = Release|Win32
		{0DE0EF13-0033-463F-9563-2B51BA87D0DB}.Debug|x64.ActiveCfg = Debug|x64
		{0DE0EF13-0033-463F-9563-2B51BA87D0DB}.Debug|x64.Build.0 = Debug|x64
		{0DE0EF13-0033-463F-9563-2B51BA87D0DB}.Debug|x86.ActiveCfg = Debug|Win32
		{0DE0EF13-0033-463F-9563-2B51BA87D0DB}.Debug|x86.Build.0 = Debug|Win32
		{0DE0EF13-0033-463F-9563-2B51BA87D0DB}.Release|x64.ActiveCfg = Release|x64
		{0DE0EF13-0033-463F-9563-2B51BA87D0DB}.Release|x64.Build.0 = Release|x64
		{0DE0EF13-0033-463F-9563-2B51BA87D0DB}.Release|x86.ActiveCfg = Release|Win32
		{0DE0EF13-0033-463F-9563-2B51BA87D0DB}.Release|x86.Build.0 = Release|Win32
		{97669FB0-CCD8-4739-889E-EDA0CD5F43C9}.Debug|x64.ActiveCfg = Debug|x64
		{97669FB0-CCD8-4739-889E-EDA0CD5F43C9}.Debug|x64.Build.0 = Debug|x64
		{97669FB0-CCD8-4739-889E-EDA0CD5F43C9}.Debug|x86.ActiveCfg = Debug|Win32
		{97669FB0-CCD8-4739-889E-EDA0CD5F43C9}.Debug|x86.Build.0 = Debug|Win32
		{97669FB0-CCD8-4739-889E-EDA0CD5F43C9}.Release|x64.ActiveCfg = Release|x64
		{97669FB0-CCD8-4739-889E-EDA0CD5F43C9}.Release|x64.Build.0 = Release|x64
		{97669FB0-CCD8-4739-889E-EDA0CD5F43C9}.Release|x86.ActiveCfg = Release|Win32
		{97669FB0-CCD8-4739-889E-EDA0CD5F43C9}.Release|x86.Build.0 = Release|Win32
		{7C83454A-9847-406C-AFEA-A49F90C3CD8C}.Debug|x64.ActiveCfg = Debug|x64
		{7C83454A-9847-406C-AFEA-A49F90C3CD8C}.Debug|x64.Build.0 = Debug|x64
		{7C83454A-9847-406C-AFEA-A49F90C3CD8C}.Debug|x86.ActiveCfg = Debug|Win32
		{7C83454A-9847-406C-AFEA-A49F90C3CD8C}.Debug|x86.Build.0 = Debug|Win32
		{7C83454A-9847-406C-AFEA-A49F90C3CD8C}.Release|x64.ActiveCfg = Release|x64
		{7C83454A-9847-406C-AFEA-A49F90C3CD8C}.Release|x64.Build.0 = Release|x64
		{7C83454A-9847-406C-AFEA-A49F90C3CD8C}.Release|x86.ActiveCfg = Release|Win32
		{7C83454A-9847-406C-AFEA-A49F90C3CD8C}.Release|x86.Build.0 = Release|Win32
		{1F38D5A1-62FA-47D8-9754-1EB0C9064539}.Debug|x64.ActiveCfg = Debug|x64
		{1F38D5A1-62FA-47D8-9754-1EB0C9064539}.Debug|x64.Build.0 = Debug|x64
		{1F38D5A1-62FA-47D8-9754-1EB0C9064539}.Debug|x86.ActiveCfg = Debug|Win32
		{1F38D5A1-62FA-47D8-9754-1EB0C9064539}.Debug|x86.Build.0 = Debug|Win32
		{1F38D5A1-62FA-47D8-9754-1EB0C9064539}.Release|x64.ActiveCfg = Release|x64
		{1F38D5A1-62FA-47D8-9754-1EB0C9064539}.Release|x64.Build.0 = Release|x64
		{1F38D5A1-62FA-47D8-9754-1EB0C9064539}.Release|x86.ActiveCfg = Release|Win32
		{1F38D5A1-62FA-47D8-9754-1EB0C9064539}.Release|x86.Build.0 = Release|Win32
		{B912FCF2-B38E-4C37-9A04-DC42FAB0F8E9}.Debug|x64.ActiveCfg = Debug|x64
		{B912FCF2-B38E-4C37-9A04-DC42FAB0F8E9}.Debug|x64.Build.0 = Debug|x64
		{B912FCF2-B38E-4C37-9A04-DC42FAB0F8E9}.Debug|x86.ActiveCfg = Debug|Win32
		{B912FCF2-B38E-4C37-9A04-DC42FAB0F8E9}.Debug|x86.Build.0 = Debug|Win32
		{B912FCF2-B38E-4C37-9A04-DC42FAB0F8E9}.Release|x64.ActiveCfg = Release|x64
		{B912FCF2-B38E-4C37-9A04-DC42FAB0F8E9}.Release|x64.Build.0 = Release|x64
		{B912FCF2-B38E-4C37-9A04-DC42FAB0F8E9}.Release|x86.ActiveCfg = Release|Win32
		{B912FCF2-B38E-4C37-9A04-DC42FAB0F8E9}.Release|x86.Build.0 = Release|Win32
		{E838B137-D3B4-45E4-8A91-160C83E7D787}.Debug|x64.ActiveCfg = Debug|x64
		{E838B137-D3B4-45E4-8A91-160C83E7D787}.Debug|x64.Build.0 = Debug|x64
		{E838B137-D3B4-45E4-8A91-160C83E7D787}.Debug|x86.ActiveCfg = Debug|Win32
		{E838B137-D3B4-45E4-8A91-160C83E7D787}.Debug|x86.Build.0 = Debug|Win32
		{E838B137-D3B4-45E4-8A91-160C83E7D787}.Release|x64.ActiveCfg = Release|x64
		{E838B137-D3B4-45E4-8A91-160C83E7D787}.Release|x64.Build.0 = Release|x64
		{E838B137-D3B4-45E4-8A91-160C83E7D787}.Release|x86.ActiveCfg = Release|Win32
		{E838B137-D3B4-45E4-8A91-160C83E7D787}.Release|x86.Build.0 = Release|Win32
		{BCDD3FEC-711D-459C-BCF6-C23230F446A5}.Debug|x64.ActiveCfg = Debug|x64
		{BCDD3FEC-711D-459C-BCF6-C23230F446A5}.Debug|x64.Build.0 = Debug|x64
		{BCDD3FEC-711D-459C-BCF6-C23230F446A5}.Debug|x86.ActiveCfg = Debug|Win32
		{BCDD3FEC-711D-459C-BCF6-C23230F446A5}.Debug|x86.Build.0 = Debug|Win32
		{BCDD3FEC-711D-459C-BCF6-C23230F446A5}.Release|x64.ActiveCfg = Release|x64
		{BCDD3FEC-711D-459C-BCF6-C23230F446A5}.Release|x64.Build.0 = Release|x64
		{BCDD3FEC-711D-459C-BCF6-C23230F446A5}.Release|x86.ActiveCfg = Release|Win32
		{BCDD3FEC-711D-459C-BCF6-C23230F446A5}.Release|x86.Build.0 = Release|Win32
		{C835E84E-E830-431D-B9C6-F0F84C5F03CC}.Debug|x64.ActiveCfg = Debug|x64
		{C835E84E-E830-431D-B9C6-F0F84C5F03CC}.Debug|x64.Build.0 = Debug|x64
		{C835E84E-E830-431D-B9C6-F0F84C5F03CC}.Debug|x86.ActiveCfg = Debug|Win32
		{C835E84E-E830-431D-B9C6-F0F84C5F03CC}.Debug|x86.Build.0 = Debug|Win32
		{C835E84E-E830-431D-B9C6-F0F84C5F03CC}.Release|x64.ActiveCfg = Release|x64
		{C835E84E-E830-431D-B9C6-F0F84C5F03CC}.Release|x64.Build.0 = Release|x64
		{C835E84E-E830-431D-B9C6-F0F84C5F03CC}.Release|x86.ActiveCfg = Release|Win32
		{C835E84E-E830-431D-B9C6-F0F84C5F03CC}.Release|x86.Build.0 = Release|Win32
		{8CDE753B-2AE7-45D5-A513-34328AA219AF}.Debug|x64.ActiveCfg = Debug|x64
		{8CDE753B-2AE7-45D5-A513-34328AA219AF}.Debug|x64.Build.0 = Debug|x64
		{8CDE753B-2AE7-45D5-A513-34328AA219AF}.Debug|x86.ActiveCfg = Debug|Win32
		{8CDE753B-2AE7-45D5-A513-34328AA219AF}.Debug|x86.Build.0 = Debug|Win32
		{8CDE753B-2AE7-45D5-A513-34328AA219AF}.Release|x64.ActiveCfg = Release|x64
		{8CDE753B-2AE7-45D5-A513-34328AA219AF}.Release|x64.Build.0 = Release|x64
		{8CDE753B-2AE7-45D5-A513-34328AA219AF}.Release|x86.ActiveCfg = Release|Win32
		{8CDE753B-2AE7-45D5-A513-34328AA219AF}.Release|x86.Build.0 = Release|Win32
		{FDB5EE20-5779-4D1B-B2C8-4314F61283AC}.Debug|x64.ActiveCfg = Debug|x64
		{FDB5EE20-5779-4D1B-B2C8-4314F61283AC}.Debug|x64.Build.0 = Debug|x64
		{FDB5EE20-5779-4D1B-B2C8-4314F61283AC}.Debug|x86.ActiveCfg = Debug|Win32
		{FDB5EE20-5779-4D1B-B2C8-4314F61283AC}.Debug|x86.Build.0 = Debug|Win32
		{FDB5EE20-5779-4D1B-B2C8-4314F61283AC}.Release|x64.ActiveCfg = Release|x64
		{FDB5EE20-5779-4D1B-B2C8-4314F61283AC}.Release|x64.Build.0 = Release|x64
		{FDB5EE20-5779-4D1B-B2C8-4314F61283AC}.Release|x86.ActiveCfg = Release|Win32
		{FDB5EE20-5779-4D1B-B2C8-4314F61283AC}.Release|x86.Build.0 = Release|Win32
		{28FB4A25-1D0F-4CD4-AD08-D8EECCC810E6}.Debug|x64.ActiveCfg = Debug|x64
		{28FB4A25-1D0F-4CD4-AD08-D8EECCC810E6}.Debug|x64.Build.0 = Debug|x64
		{28FB4A25-1D0F-4CD4-AD08-D8EECCC810E6}.Debug|x86.ActiveCfg = Debug|Win32
		{28FB4A25-1D0F-4CD4-AD08-D8EECCC810E6}.Debug|x86.Build.0 = Debug|Win32
		{28FB4A25-1D0F-4CD4-AD08-D8EECCC810E6}.Release|x64.ActiveCfg = Release|x64
		{28FB4A25-1D0F-4CD4-AD08-D8EECCC810E6}.Release|x64.Build.0 = Release|x64
		{28FB4A25-1D0F-4CD4-AD08-D8EECCC810E6}.Release|x86.ActiveCfg = Release|Win32
		{28FB4A25-1D0F-4CD4-AD08-D8EECCC810E6}.Release|x86.Build.0 = Release|Win32
		{7FC47C2E-1823-4A7E-AD9E-D00A4994340C}.Debug|x64.ActiveCfg = Debug|x64
		{7FC47C2E-1823-4A7E-AD9E-D00A4994340C}.Debug|x64.Build.0 = Debug|x64
		{7FC47C2E-1823-4A7E-AD9E-D00A4994340C}.Debug|x86.ActiveCfg = Debug|Win32
		{7FC47C2E-1823-4A7E-AD9E-D00A4994340C}.Debug|x86.Build.0 = Debug|Win32
		{7FC47C2E-1823-4A7E-AD9E-D00A4994340C}.Release|x64.ActiveCfg = Release|x64
		{7FC47C2E-1823-4A7E-AD9E-D00A4994340C}.Release|x64.Build.0 = Release|x64
		{7FC47C2E-1823-4A7E-AD9E-D00A4994340C}.Release|x86.ActiveCfg = Release|Win32
		{7FC47C2E-1823-4A7E-AD9E-D00A4994340C}.Release|x86.Build.0 = Release|Win32
		{F8BA5B60-9978-4B41-9FB9-99A026500726}.Debug|x64.ActiveCfg = Debug|x64
		{F8BA5B60-9978-4B41-9FB9-99A026500726}.Debug|x64.Build.0 = Debug|x64
		{F8BA5B60-9978-4B41-9FB9-99A026500726}.Debug|x86.ActiveCfg = Debug|Win32
		{F8BA5B60-9978-4B41-9FB9-99A026500726}.Debug|x86.Build.0 = Debug|Win32
		{F8BA5B60-9978-4B41-9FB9-99A026500726}.Release|x64.ActiveCfg = Release|x64
		{F8BA5B60-9978-4B41-9FB9-99A026500726}.Release|x64.Build.0 = Release|x64
		{F8BA5B60-9978-4B41-9FB9-99A026500726}.Release|x86.ActiveCfg = Release|Win32
		{F8BA5B60-9978-4B41-9FB9-99A026500726}.Release|x86.Build.0 = Release|Win32
		{E4B0C165-20AF-4754-B043-B97E8D8FF355}.Debug|x64.ActiveCfg = Debug|x64
		{E4B0C165-20AF-4754-B043-B97E8D8FF355}.Debug|x64.Build.0 = Debug|x64
		{E4B0C165-20AF-4754-B043-B97E8D8FF355}.Debug|x86.ActiveCfg = Debug|Win32
		{E4B0C165-20AF-4754-B043-B97E8D8FF355}.Debug|x86.Build.0 = Debug|Win32
		{E4B0C165-20AF-4754-B043-B97E8D8FF355}.Release|x64.ActiveCfg = Release|x64
		{E4B0C165-20AF-4754-B043-B97E8D8FF355}.Release|x64.Build.0 = Release|x64
		{E4B0C165-20AF-4754-B043-B97E8D8FF355}.Release|x86.ActiveCfg = Release|Win32
		{E4B0C165-20AF-4754-B043-B97E8D8FF355}.Release|x86.Build.0 = Release|Win32
		{419314E0-0CE4-4080-AC17-B115A9819D4B}.Debug|x64.ActiveCfg = Debug|x64
		{419314E0-0CE4-4080-AC17-B115A9819D4B}.Debug|x64.Build.0 = Debug|x64
		{419314E0-0CE4-4080-AC17-B115A9819D4B}.Debug|x86.ActiveCfg = Debug|Win32
		{419314E0-0CE4-4080-AC17-B115A9819D4B}.Debug|x86.Build.0 = Debug|Win32
		{419314E0-0CE4-4080-AC17-B115A9819D4B}.Release|x64.ActiveCfg = Release|x64
		{419314E0-0CE4-4080-AC17-B115A9819D4B}.Release|x64.Build.0 = Release|x64
		{419314E0-0CE4-4080-AC17-B115A9819D4B}.Release|x86.ActiveCfg = Release|Win32
		{419314E0-0CE4-4080-AC17-B115A9819D4B}.Release|x86.Build.0 = Release|Win32
		{809D8D23-F968-463D-BD47-A4C1C40E20CC}.Debug|x64.ActiveCfg = Debug|x64
		{809D8D23-F968-463D-BD47-A4C1C40E20CC}.Debug|x64.Build.0 = Debug|x64
		{809D8D23-F968-463D-BD47-A4C1C40E20CC}.Debug|x86.ActiveCfg = Debug|Win32
		{809D8D23-F968-463D-BD47-A4C1C40E20CC}.Debug|x86.Build.0 = Debug|Win32
		{809D8D23-F968-463D-BD47-A4C1C40E20CC}.Release|x64.ActiveCfg = Release|x64
		{809D8D23-F968-463D-BD47-A4C1C40E20CC}.Release|x64.Build.0 = Release|x64
		{809D8D23-F968-463D-BD47-A4C1C40E20CC}.Release|x86.ActiveCfg = Release|Win32
		{809D8D23-F968-463D-BD47-A4C1C40E20CC}.Release|x86.Build.0 = Release|Win32
		{382470AE-8FC0-4E9E-B0FD-DA67F449A65E}.Debug|x64.ActiveCfg = Debug|x64
		{382470AE-8FC0-4E9E-B0FD-DA67F449A65E}.Debug|x64.Build.0 = Debug|x64
		{382470AE-8FC0-4E9E-B0FD-DA67F449A65E}.Debug|x86.ActiveCfg = Debug|Win32
		{382470AE-8FC0-4E9E-B0FD-DA67F449A65E}.Debug|x86.Build.0 = Debug|Win32
		{382470AE-8FC0-4E9E-B0FD-DA67F449A65E}.Release|x64.ActiveCfg = Release|x64
		{382470AE-8FC0-4E9E-B0FD-DA67F449A65E}.Release|x64.Build.0 = Release|x64
		{382470AE-8FC0-4E9E-B0FD-DA67F449A65E}.Release|x86.ActiveCfg = Release|Win32
		{382470AE-8FC0-4E9E-B0FD-DA67F449A65E}.Release|x86.Build.0 = Release|Win32
		{2C5E761A-16A6-492B-A777-150A3558202F}.Debug|x64.ActiveCfg = Debug|x64
		{2C5E761A-16A6-492B-A777-150A3558202F}.Debug|x64.Build.0 = Debug|x64
		{2C5E761A-16A6-492B-A777-150A3558202F}.Debug|x86.ActiveCfg = Debug|Win32
		{2C5E761A-16A6-492B-A777-150A3558202F}.Debug|x86.Build.0 = Debug|Win32
		{2C5E761A-16A6-492B-A777-150A3558202F}.Release|x64.ActiveCfg = Release|x64
		{2C5E761A-16A6-492B-A777-150A3558202F}.Release|x64.Build.0 = Release|x64
		{2C5E761A-16A6-492B-A777-150A3558202F}.Release|x86.ActiveCfg = Release|Win32
		{2C5E761A-16A6-492B-A777-150A3558202F}.Release|x86.Build.0 = Release|Win32
		{A5B5CB80-DC47-4012-9308-E10C7FFE68B8}.Debug|x64.ActiveCfg = Debug|x64
		{A5B5CB80-DC47-4012-9308-E10C7FFE68B8}.Debug|x64.Build.0 = Debug|x64
		{A5B5CB80-DC47-4012-9308-E10C7FFE68B8}.Debug|x86.ActiveCfg = Debug|Win32
		{A5B5CB80-DC47-4012-9308-E10C7FFE68B8}.Debug|x86.Build.0 = Debug|Win32
		{A5B5CB80-DC47-4012-9308-E10C7FFE68B8}.Release|x64.ActiveCfg = Release|x64
		{A5B5CB80-DC47-4012-9308-E10C7FFE68B8}.Release|x64.Build.0 = Release|x64
		{A5B5CB80-DC47-4012-9308-E10C7FFE68B8}.Release|x86.ActiveCfg = Release|Win32
		{A5B5CB80-DC47-4012-9308-E10C7FFE68B8}.Release|x86.Build.0 = Release|Win32
		{94080908-34D6-41D6-8902-06421DA7420B}.Debug|x64.ActiveCfg = Debug|x64
		{94080908-34D6-41D6-8902-06421DA7420B}.Debug|x64.Build.0 = Debug|x64
		{94080908-34D6-41D6-8902-06421DA7420B}.Debug|x86.ActiveCfg = Debug|Win32
		{94080908-34D6-41D6-8902-06421DA7420B}.Debug|x86.Build.0 = Debug|Win32
		{94080908-34D6-41D6-8902-06421DA7420B}.Release|x64.ActiveCfg = Release|x64
		{94080908-34D6-41D6-8902-06421DA7420B}.Release|x64.Build.0 = Release|x64
		{94080908-34D6-41D6-8902-06421DA7420B}.Release|x86.ActiveCfg = Release|Win32
		{94080908-34D6-41D6-8902-06421DA7420B}.Release|x86.Build.0 = Release|Win32
		{02957084-DC15-415A-9451-B3445B556753}.Debug|x64.ActiveCfg = Debug|x64
		{02957084-DC15-415A-9451-B3445B556753}.Debug|x64.Build.0 = Debug|x64
		{02957084-DC15-415A-9451-B3445B556753}.Debug|x86.ActiveCfg = Debug|Win32
		{02957084-DC15-415A-9451-B3445B556753}.Debug|x86.Build.0 = Debug|Win32
		{02957084-DC15-415A-9451-B3445B556753}.Release|x64.ActiveCfg = Release|x64
		{02957084-DC15-415A-9451-B3445B556753}.Release|x64.Build.0 = Release|x64
		{02957084-DC15-415A-9451-B3445B556753}.Release|x86.ActiveCfg = Release|Win32
		{02957084-DC15-415A-9451-B3445B556753}.Release|x86.Build.0 = Release|Win32
		{913B4A8B-99EF-4ACE-B751-53B90B460CA8}.Debug|x64.ActiveCfg = Debug|x64
		{913B4A8B-99EF-4ACE-B751-53B90B460CA8}.Debug|x64.Build.0 = Debug|x64
		{913B4A8B-99EF-4ACE-B751-53B90B460CA8}.Debug|x86.ActiveCfg = Debug|Win32
		{913B4A8B-99EF-4ACE-B751-53B90B460CA8}.Debug|x86.Build.0 = Debug|Win32
		{913B4A8B-99EF-4ACE-B751-53B90B460CA8}.Release|x64.ActiveCfg = Release|x64
		{913B4A8B-99EF-4ACE-B751-53B90B460CA8}.Release|x64.Build.0 = Release|x64
		{913B4A8B-99EF-4ACE-B751-53B90B460CA8}.Release|x86.ActiveCfg = Release|Win32
		{913B4A8B-99EF-4ACE-B751-53B90B460CA8}.Release|x86.Build.0 = Release|Win32
		{7935CB19-FF61-4C87-AEC8-6DEDE65E65EE}.Debug|x64.ActiveCfg = Debug|x64
		{7935CB19-FF61-4C87-AEC8-6DEDE65E65EE}.Debug|x64.Build.0 = Debug|x64
		{7935CB19-FF61-4C87-AEC8-6DEDE65E65EE}.Debug|x86.ActiveCfg = Debug|Win32
		{7935CB19-FF61-4C87-AEC8-6DEDE65E65EE}.Debug|x86.Build.0 = Debug|Win32
		{7935CB19-FF61-4C87-AEC8-6DEDE65E65EE}.Release|x64.ActiveCfg = Release|x64
		{7935CB19-FF61-4C87-AEC8-6DEDE65E65EE}.Release|x64.Build.0 = Release|x64
		{7935CB19-FF61-4C87-AEC8-6DEDE65E65EE}.Release|x86.ActiveCfg = Release|Win32
		{7935CB19-FF61-4C87-AEC8-6DEDE65E65EE}.Release|x86.Build.0 = Release|Win32
		{9F7C0190-E57A-4F04-945C-1D5F0C08965C}.Debug|x64.ActiveCfg = Debug|x64
		{9F7C0190-E57A-4F04-945C-1D5F0C08965C}.Debug|x64.Build.0 = Debug|x64
		{9F7C0190-E57A-4F04-945C-1D5F0C08965C}.Debug|x86.ActiveCfg = Debug|Win32
		{9F7C0190-E57A-4F04-945C-1D5F0C08965C}.Debug|x86.Build.0 = Debug|Win32
		{9F7C0190-E57A-4F04-945C-1D5F0C08965C}.Release|x64.ActiveCfg = Release|x64
		{9F7C0190-E57A-4F04-945C-1D5F0C08965C}.Release|x64.Build.0 = Release|x64
		{9F7C0190-E57A-4F04-945C-1D5F0C08965C}.Release|x86.ActiveCfg = Release|Win32
		{9F7C0190-E57A-4F04-945C-1D5F0C08965C}.Release|x86.Build.0 = Release|Win32
		{7985BAE0-EE02-4BDC-A20D-601444525BF0}.Debug|x64.ActiveCfg = Debug|x64
		{7985BAE0-EE02-4BDC-A20D-601444525BF0}.Debug|x64.Build.0 = Debug|x64
		{7985BAE0-EE02-4BDC-A20D-601444525BF0}.Debug|x86.ActiveCfg = Debug|Win32
		{7985BAE0-EE02-4BDC-A20D-601444525BF0}.Debug|x86.Build.0 = Debug|Win32
		{7985BAE0-EE02-4BDC-A20D-601444525BF0}.Release|x64.ActiveCfg = Release|x64
		{7985BAE0-EE02-4BDC-A20D-601444525BF0}.Release|x64.Build.0 = Release|x64
		{7985BAE0-EE02-4BDC-A20D-601444525BF0}.Release|x86.ActiveCfg = Release|Win32
		{7985BAE0-EE02-4BDC-A20D-601444525BF0}.Release|x86.Build.0 = Release|Win32
		{CC1DA250-D00E-417E-8F75-BDCB62CF2B7D}.Debug|x64.ActiveCfg = Debug|x64
		{CC1DA250-D00E-417E-8F75-BDCB62CF2B7D}.Debug|x64.Build.0 = Debug|x64
		{CC1DA250-D00E-417E-8F75-BDCB62CF2B7D}.Debug|x86.ActiveCfg = Debug|Win32
		{CC1DA250-D00E-417E-8F75-BDCB62CF2B7D}.Debug|x86.Build.0 = Debug|Win32
		{CC1DA250-D00E-417E-8F75-BDCB62CF2B7D}.Release|x64.ActiveCfg = Release|x64
		{CC1DA250-D00E-417E-8F75-BDCB62CF2B7D}.Release|x64.Build.0 = Release|x64
		{CC1DA250-D00E-417E-8F75-BDCB62CF2B7D}.Release|x86.ActiveCfg = Release|Win32
		{CC1DA250-D00E-417E-8F75-BDCB62CF2B7D}.Release|x86.Build.0 = Release|Win32
		{7223334A-3D17-4AFD-9E19-8AF50F3DB7E3}.Debug|x64.ActiveCfg = Debug|x64
		{7223334A-3D17-4AFD-9E19-8AF50F3DB7E3}.Debug|x64.Build.0 = Debug|x64
		{7223334A-3D17-4AFD-9E19-8AF50F3DB7E3}.Debug|x86.ActiveCfg = Debug|Win32
		{7223334A-3D17-4AFD-9E19-8AF50F3DB7E3}.Debug|x86.Build.0 = Debug|Win32
		{7223334A-3D17-4AFD-9E19-8AF50F3DB7E3}.Release|x64.ActiveCfg = Release|x64
		{7223334A-3D17-4AFD-9E19-8AF50F3DB7E3}.Release|x64.Build.0 = Release|x64
		{7223334A-3D17-4AFD-9E19-8AF50F3DB7E3}.Release|x86.ActiveCfg = Release|Win32
		{7223334A-3D17-4AFD-9E19-8AF50F3DB7E3}.Release|x86.Build.0 = Release|Win32
		{37825235-A8CC-4C5B-9F0A-EF3196CC35AF}.Debug|x64.ActiveCfg = Debug|x64
		{37825235-A8CC-4C5B-9F0A-EF3196CC35AF}.Debug|x64.Build.0 = Debug|x64
		{37825235-A8CC-4C5B-9F0A-EF3196CC35AF}.Debug|x86.ActiveCfg = Debug|Win32
		{37825235-A8CC-4C5B-9F0A-EF3196CC35AF}.Debug|x86.Build.0 = Debug|Win32
		{37825235-A8CC-4C5B-9F0A-EF3196CC35AF}.Release|x64.ActiveCfg = Release|x64
		{37825235-A8CC-4C5B-9F0A-EF3196CC35AF}.Release|x64.Build.0 = Release|x64
		{37825235-A8CC-4C5B-9F0A-EF3196CC35AF}.Release|x86.ActiveCfg = Release|Win32
		{37825235-A8CC-4C5B-9F0A-EF3196CC35AF}.Release|x86.Build.0 = Release|Win32
		{77D56A76-5785-4163-BD02-40511BB03713}.Debug|x64.ActiveCfg = Debug|x64
		{77D56A76-5785-4163-BD02-40511BB03713}.Debug|x64.Build.0 = Debug|x64
		{77D56A76-5785-4163-BD02-40511BB03713}.Debug|x86.ActiveCfg = Debug|Win32
		{77D56A76-5785-4163-BD02-40511BB03713}.Debug|x86.Build.0 = Debug|Win32
		{77D56A76-5785-4163-BD02-40511BB03713}.Release|x64.ActiveCfg = Release|x64
		{77D56A76-5785-4163-BD02-40511BB03713}.Release|x64.Build.0 = Release|x64
		{77D56A76-5785-4163-BD02-40511BB03713}.Release|x86.ActiveCfg = Release|Win32
		{77D56A76-5785-4163-BD02-40511BB03713}.Release|x86.Build.0 = Release|Win32
		{70C0F173-E5CA-4F3D-A81E-50CE02018492}.Debug|x64.ActiveCfg = Debug|x64
		{70C0F173-E5CA-4F3D-A81E-50CE02018492}.Debug|x64.Build.0 = Debug|x64
		{70C0F173-E5CA-4F3D-A81E-50CE02018492}.Debug|x86.ActiveCfg = Debug|Win32
		{70C0F173-E5CA-4F3D-A81E-50CE02018492}.Debug|x86.Build.0 = Debug|Win32
		{70C0F173-E5CA-4F3D-A81E-50CE02018492}.Release|x64.ActiveCfg = Release|x64
		{70C0F173-E5CA-4F3D-A81E-50CE02018492}.Release|x64.Build.0 = Release|x64
		{70C0F173-E5CA-4F3D-A81E-50CE02018492}.Release|x86.ActiveCfg = Release|Win32
		{70C0F173-E5CA-4F3D-A81E-50CE02018492}.Release|x86.Build.0 = Release|Win32
		{36AE4C4D-3935-42A1-AEC2-CF9C168D53A0}.Debug|x64.ActiveCfg = Debug|x64
		{36AE4C4D-3935-42A1-AEC2-CF9C168D53A0}.Debug|x64.Build.0 = Debug|x64
		{36AE4C4D-3935-42A1-AEC2-CF9C168D53A0}.Debug|x86.ActiveCfg = Debug|Win32
		{36AE4C4D-3935-42A1-AEC2-CF9C168D53A0}.Debug|x86.Build.0 = Debug|Win32
		{36AE4C4D-3935-42A1-AEC2-CF9C168D53A0}.Release|x64.ActiveCfg = Release|x64
		{36AE4C4D-3935-42A1-AEC2-CF9C168D53A0}.Release|x64.Build.0 = Release|x64
		{36AE4C4D-3935-42A1-AEC2-CF9C168D53A0}.Release|x86.ActiveCfg = Release|Win32
		{36AE4C4D-3935-42A1-AEC2-CF9C168D53A0}.Release|x86.Build.0 = Release|Win32
		{4A6F5141-C3FA-4A24-90E1-6398B5F929BD}.Debug|x64.ActiveCfg = Debug|x64
		{4A6F5141-C3FA-4A24-90E1-6398B5F929BD}.Debug|x64.Build.0 = Debug|x64
		{4A6F5141-C3FA-4A24-90E1-6398B5F929BD}.Debug|x86.ActiveCfg = Debug|Win32
		{4A6F5141-C3FA-4A24-90E1-6398B5F929BD}.Debug|x86.Build.0 = Debug|Win32
		{4A6F5141-C3FA-4A24-90E1-6398B5F929BD}.Release|x64.ActiveCfg = Release|x64
		{4A6F5141-C3FA-4A24-90E1-6398B5F929BD}.Release|x64.Build.0 = Release|x64
		{4A6F5141-C3FA-4A24-90E1-6398B5F929BD}.Release|x86.ActiveCfg = Release|Win32
		{4A6F5141-C3FA-4A24-90E1-6398B5F929BD}.Release|x86.Build.0 = Release|Win32
		{882829BE-BE4B-4577-8FF6-B98D11AA7B18}.Debug|x64.ActiveCfg = Debug|x64
		{882829BE-BE4B-4577-8FF6-B98D11AA7B18}.Debug|x64.Build.0 = Debug|x64
		{882829BE-BE4B-4577-8FF6-B98D11AA7B18}.Debug|x86.ActiveCfg = Debug|Win32
		{882829BE-BE4B-4577-8FF6-B98D11AA7B18}.Debug|x86.Build.0 = Debug|Win32
		{882829BE-BE4B-4577-8FF6-B98D11AA7B18}.Release|x64.ActiveCfg = Release|x64
		{882829BE-BE4B-4577-8FF6-B98D11AA7B18}.Release|x64.Build.0 = Release|x64
		{882829BE-BE4B-4577-8FF6-B98D11AA7B18}.Release|x86.ActiveCfg = Release|Win32
		{882829BE-BE4B-4577-8FF6-B98D11AA7B18}.Release|x86.Build.0 = Release|Win32
		{08CC52E8-923A-4D9F-9DB5-142BB5C02704}.Debug|x64.ActiveCfg = Debug|x64
		{08CC52E8-923A-4D9F-9DB5-142BB5C02704}.Debug|x64.Build.0 = Debug|x64
		{08CC52E8-923A-4D9F-9DB5-142BB5C02704}.Debug|x86.ActiveCfg = Debug|Win32
		{08CC52E8-923A-4D9F-9DB5-142BB5C02704}.Debug|x86.Build.0 = Debug|Win32
		{08CC52E8-923A-4D9F-9DB5-142BB5C02704}.Release|x64.ActiveCfg = Release|x64
		{08CC52E8-923A-4D9F-9DB5-142BB5C02704}.Release|x64.Build.0 = Release|x64
		{08CC52E8-923A-4D9F-9DB5-142BB5C02704}.Release|x86.ActiveCfg = Release|Win32
		{08CC52E8-923A-4D9F-9DB5-142BB5C02704}.Release|x86.Build.0 = Release|Win32
		{9B701923-66F7-4FC7-8D75-9D70714327BD}.Debug|x64.ActiveCfg = Debug|x64
		{9B701923-66F7-4FC7-8D75-9D70714327BD}.Debug|x64.Build.0 = Debug|x64
		{9B701923-66F7-4FC7-8D75-9D70714327BD}.Debug|x86.ActiveCfg = Debug|Win32
		{9B701923-66F7-4FC7-8D75-9D70714327BD}.Debug|x86.Build.0 = Debug|Win32
		{9B701923-66F7-4FC7-8D75-9D70714327BD}.Release|x64.ActiveCfg = Release|x64
		{9B701923-66F7-4FC7-8D75-9D70714327BD}.Release|x64.Build.0 = Release|x64
		{9B701923-66F7-4FC7-8D75-9D70714327BD}.Release|x86.ActiveCfg = Release|Win32
		{9B701923-66F7-4FC7-8D75-9D70714327BD}.Release|x86.Build.0 = Release|Win32
		{E87C2B4B-90BD-4D48-B8C4-ADB0C222892C}.Debug|x64.ActiveCfg = Debug|x64
		{E87C2B4B-90BD-4D48-B8C4-ADB0C222892C}.Debug|x64.Build.0 = Debug|x64
		{E87C2B4B-90BD-4D48-B8C4-ADB0C222892C}.Debug|x86.ActiveCfg = Debug|Win32
		{E87C2B4B-90BD-4D48-B8C4-ADB0C222892C}.Debug|x86.Build.0 = Debug|Win32
		{E87C2B4B-90BD-4D48-B8C4-ADB0C222892C}.Release|x64.ActiveCfg = Release|x64
		{E87C2B4B-90BD-4D48-B8C4-ADB0C222892C}.Release|x64.Build.0 = Release|x64
		{E87C2B4B-90BD-4D48-B8C4-ADB0C222892C}.Release|x86.ActiveCfg = Release|Win32
		{E87C2B4B-90BD-4D48-B8C4-ADB0C222892C}.Release|x86.Build.0 = Release|Win32
	EndGlobalSection
	GlobalSection(SolutionProperties) = preSolution
		HideSolutionNode = FALSE
	EndGlobalSection
	GlobalSection(ExtensibilityGlobals) = postSolution
		SolutionGuid = {2F6B69B9-B6D6-41B7-AA9A-3A2737637418}
	EndGlobalSection
EndGlobal
